Microsoft Visual Studio Solution File, Format Version 12.00
# Visual Studio Version 17
VisualStudioVersion = 17.5.2.0
MinimumVisualStudioVersion = 10.0.40219.1
Project("{FAE04EC0-301F-11D3-BF4B-00C04F79EFBC}") = "StravaDataApi", "StravaDataApi.csproj", "{220A5D1A-DF47-D9C1-5457-9995BE6555B1}"
EndProject
Global
	GlobalSection(SolutionConfigurationPlatforms) = preSolution
		Debug|Any CPU = Debug|Any CPU
		Release|Any CPU = Release|Any CPU
	EndGlobalSection
	GlobalSection(ProjectConfigurationPlatforms) = postSolution
		{220A5D1A-DF47-D9C1-5457-9995BE6555B1}.Debug|Any CPU.ActiveCfg = Debug|Any CPU
		{220A5D1A-DF47-D9C1-5457-9995BE6555B1}.Debug|Any CPU.Build.0 = Debug|Any CPU
		{220A5D1A-DF47-D9C1-5457-9995BE6555B1}.Release|Any CPU.ActiveCfg = Release|Any CPU
		{220A5D1A-DF47-D9C1-5457-9995BE6555B1}.Release|Any CPU.Build.0 = Release|Any CPU
	EndGlobalSection
	GlobalSection(SolutionProperties) = preSolution
		HideSolutionNode = FALSE
	EndGlobalSection
	GlobalSection(ExtensibilityGlobals) = postSolution
		SolutionGuid = {EDCF6533-2499-48E4-AFC1-9972438FBCB1}
	EndGlobalSection
EndGlobal
